<?xml version="1.0" encoding="utf-8"?>
<Project ToolsVersion="4.0" xmlns="http://schemas.microsoft.com/developer/msbuild/2003">
  <ItemGroup>
    <Filter Include="Thunder">
      <UniqueIdentifier>{9F49F740-0B29-76DC-1441-01B3809FDC3D}</UniqueIdentifier>
    </Filter>
    <Filter Include="Thunder\Events">
      <UniqueIdentifier>{A30C24F3-8FDA-17F9-786E-881F64DBF35D}</UniqueIdentifier>
    </Filter>
  </ItemGroup>
  <ItemGroup>
    <ClInclude Include="src\Thunder.h" />
    <ClInclude Include="src\Thunder\Application.h">
      <Filter>Thunder</Filter>
    </ClInclude>
    <ClInclude Include="src\Thunder\Core.h">
      <Filter>Thunder</Filter>
    </ClInclude>
    <ClInclude Include="src\Thunder\EntryPoint.h">
      <Filter>Thunder</Filter>
    </ClInclude>
    <ClInclude Include="src\Thunder\Events\ApplicationEvent.h">
      <Filter>Thunder\Events</Filter>
    </ClInclude>
    <ClInclude Include="src\Thunder\Events\Event.h">
      <Filter>Thunder\Events</Filter>
    </ClInclude>
    <ClInclude Include="src\Thunder\Events\KeyEvent.h">
      <Filter>Thunder\Events</Filter>
    </ClInclude>
    <ClInclude Include="src\Thunder\Events\MouseEvent.h">
      <Filter>Thunder\Events</Filter>
    </ClInclude>
    <ClInclude Include="src\Thunder\Log.h">
      <Filter>Thunder</Filter>
    </ClInclude>
  </ItemGroup>
  <ItemGroup>
    <ClCompile Include="src\Thunder\Application.cpp">
      <Filter>Thunder</Filter>
    </ClCompile>
    <ClCompile Include="src\Thunder\Log.cpp">
      <Filter>Thunder</Filter>
    </ClCompile>
  </ItemGroup>
</Project>